{
  "object": {
    "pins": [
      {
        "package": "IntCode",
        "repositoryURL": "https://github.com/Abizern/IntCode",
        "state": {
          "branch": null,
          "revision": "414df334ed240d4ce44a43f6bdfbbe281432dffa",
          "version": "0.5.0"
        }
      }
    ]
  },
  "version": 1
}
